// !$*UTF8*$!
{
	archiveVersion = 1;
	classes = {
	};
	objectVersion = 46;
	objects = {

/* Begin PBXBuildFile section */
		D35CA5531A77A9FA00F500B0 /* main.m in Sources */ = {isa = PBXBuildFile; fileRef = D35CA5521A77A9FA00F500B0 /* main.m */; };
		D35CA5561A77A9FA00F500B0 /* AppDelegate.m in Sources */ = {isa = PBXBuildFile; fileRef = D35CA5551A77A9FA00F500B0 /* AppDelegate.m */; };
		D35CA5591A77A9FA00F500B0 /* ViewController.m in Sources */ = {isa = PBXBuildFile; fileRef = D35CA5581A77A9FA00F500B0 /* ViewController.m */; };
		D35CA55C1A77A9FA00F500B0 /* Main.storyboard in Resources */ = {isa = PBXBuildFile; fileRef = D35CA55A1A77A9FA00F500B0 /* Main.storyboard */; };
		D35CA55E1A77A9FA00F500B0 /* Images.xcassets in Resources */ = {isa = PBXBuildFile; fileRef = D35CA55D1A77A9FA00F500B0 /* Images.xcassets */; };
		D35CA5611A77A9FA00F500B0 /* LaunchScreen.xib in Resources */ = {isa = PBXBuildFile; fileRef = D35CA55F1A77A9FA00F500B0 /* LaunchScreen.xib */; };
		D35CA56D1A77A9FA00F500B0 /* F16RetrievingDataTests.m in Sources */ = {isa = PBXBuildFile; fileRef = D35CA56C1A77A9FA00F500B0 /* F16RetrievingDataTests.m */; };
		D35CA57F1A77AA5700F500B0 /* AppDelegate.swift in Sources */ = {isa = PBXBuildFile; fileRef = D35CA57E1A77AA5700F500B0 /* AppDelegate.swift */; };
		D35CA5811A77AA5700F500B0 /* ViewController.swift in Sources */ = {isa = PBXBuildFile; fileRef = D35CA5801A77AA5700F500B0 /* ViewController.swift */; };
		D35CA5841A77AA5700F500B0 /* Main.storyboard in Resources */ = {isa = PBXBuildFile; fileRef = D35CA5821A77AA5700F500B0 /* Main.storyboard */; };
		D35CA5861A77AA5700F500B0 /* Images.xcassets in Resources */ = {isa = PBXBuildFile; fileRef = D35CA5851A77AA5700F500B0 /* Images.xcassets */; };
		D35CA5891A77AA5700F500B0 /* LaunchScreen.xib in Resources */ = {isa = PBXBuildFile; fileRef = D35CA5871A77AA5700F500B0 /* LaunchScreen.xib */; };
		D35CA5951A77AA5700F500B0 /* F16RetrievingDataSwiftTests.swift in Sources */ = {isa = PBXBuildFile; fileRef = D35CA5941A77AA5700F500B0 /* F16RetrievingDataSwiftTests.swift */; };
		D35CA5A61A77AB0200F500B0 /* Location.m in Sources */ = {isa = PBXBuildFile; fileRef = D35CA59D1A77AB0200F500B0 /* Location.m */; };
		D35CA5AA1A77AB0200F500B0 /* Restaurant.m in Sources */ = {isa = PBXBuildFile; fileRef = D35CA5A51A77AB0200F500B0 /* Restaurant.m */; };
		D35CA5AD1A77ABB800F500B0 /* libsqlite3.dylib in Frameworks */ = {isa = PBXBuildFile; fileRef = D35CA5AB1A77ABB800F500B0 /* libsqlite3.dylib */; };
		D35CA5AE1A77ABB800F500B0 /* SystemConfiguration.framework in Frameworks */ = {isa = PBXBuildFile; fileRef = D35CA5AC1A77ABB800F500B0 /* SystemConfiguration.framework */; };
		D35CA5AF1A77ABCE00F500B0 /* libsqlite3.dylib in Frameworks */ = {isa = PBXBuildFile; fileRef = D35CA5AB1A77ABB800F500B0 /* libsqlite3.dylib */; };
		D35CA5B01A77ABCE00F500B0 /* SystemConfiguration.framework in Frameworks */ = {isa = PBXBuildFile; fileRef = D35CA5AC1A77ABB800F500B0 /* SystemConfiguration.framework */; };
		D35CA5FF1A77AC1900F500B0 /* backendless.a in Frameworks */ = {isa = PBXBuildFile; fileRef = D35CA5B31A77AC1900F500B0 /* backendless.a */; };
		D35CA6001A77AC1900F500B0 /* backendless.a in Frameworks */ = {isa = PBXBuildFile; fileRef = D35CA5B31A77AC1900F500B0 /* backendless.a */; };
		D35CA6011A77AC1900F500B0 /* CommLibiOS.a in Frameworks */ = {isa = PBXBuildFile; fileRef = D35CA5EA1A77AC1900F500B0 /* CommLibiOS.a */; };
		D35CA6021A77AC1900F500B0 /* CommLibiOS.a in Frameworks */ = {isa = PBXBuildFile; fileRef = D35CA5EA1A77AC1900F500B0 /* CommLibiOS.a */; };
		D35CA6041A77BBC200F500B0 /* Location.swift in Sources */ = {isa = PBXBuildFile; fileRef = D35CA6031A77BBC200F500B0 /* Location.swift */; };
		D35CA6061A77BBDE00F500B0 /* Menu.swift in Sources */ = {isa = PBXBuildFile; fileRef = D35CA6051A77BBDE00F500B0 /* Menu.swift */; };
		D35CA6081A77BBF000F500B0 /* MenuItem.swift in Sources */ = {isa = PBXBuildFile; fileRef = D35CA6071A77BBF000F500B0 /* MenuItem.swift */; };
		D35CA60C1A77BC2000F500B0 /* Restaurant.swift in Sources */ = {isa = PBXBuildFile; fileRef = D35CA60B1A77BC2000F500B0 /* Restaurant.swift */; };
/* End PBXBuildFile section */

/* Begin PBXContainerItemProxy section */
		D35CA5671A77A9FA00F500B0 /* PBXContainerItemProxy */ = {
			isa = PBXContainerItemProxy;
			containerPortal = D35CA5451A77A9F900F500B0 /* Project object */;
			proxyType = 1;
			remoteGlobalIDString = D35CA54C1A77A9FA00F500B0;
			remoteInfo = F16RetrievingData;
		};
		D35CA58F1A77AA5700F500B0 /* PBXContainerItemProxy */ = {
			isa = PBXContainerItemProxy;
			containerPortal = D35CA5451A77A9F900F500B0 /* Project object */;
			proxyType = 1;
			remoteGlobalIDString = D35CA5791A77AA5700F500B0;
			remoteInfo = F16RetrievingDataSwift;
		};
/* End PBXContainerItemProxy section */

/* Begin PBXFileReference section */
		D35CA54D1A77A9FA00F500B0 /* F16RetrievingData.app */ = {isa = PBXFileReference; explicitFileType = wrapper.application; includeInIndex = 0; path = F16RetrievingData.app; sourceTree = BUILT_PRODUCTS_DIR; };
		D35CA5511A77A9FA00F500B0 /* Info.plist */ = {isa = PBXFileReference; lastKnownFileType = text.plist.xml; path = Info.plist; sourceTree = "<group>"; };
		D35CA5521A77A9FA00F500B0 /* main.m */ = {isa = PBXFileReference; lastKnownFileType = sourcecode.c.objc; path = main.m; sourceTree = "<group>"; };
		D35CA5541A77A9FA00F500B0 /* AppDelegate.h */ = {isa = PBXFileReference; lastKnownFileType = sourcecode.c.h; path = AppDelegate.h; sourceTree = "<group>"; };
		D35CA5551A77A9FA00F500B0 /* AppDelegate.m */ = {isa = PBXFileReference; lastKnownFileType = sourcecode.c.objc; path = AppDelegate.m; sourceTree = "<group>"; };
		D35CA5571A77A9FA00F500B0 /* ViewController.h */ = {isa = PBXFileReference; lastKnownFileType = sourcecode.c.h; path = ViewController.h; sourceTree = "<group>"; };
		D35CA5581A77A9FA00F500B0 /* ViewController.m */ = {isa = PBXFileReference; lastKnownFileType = sourcecode.c.objc; path = ViewController.m; sourceTree = "<group>"; };
		D35CA55B1A77A9FA00F500B0 /* Base */ = {isa = PBXFileReference; lastKnownFileType = file.storyboard; name = Base; path = Base.lproj/Main.storyboard; sourceTree = "<group>"; };
		D35CA55D1A77A9FA00F500B0 /* Images.xcassets */ = {isa = PBXFileReference; lastKnownFileType = folder.assetcatalog; path = Images.xcassets; sourceTree = "<group>"; };
		D35CA5601A77A9FA00F500B0 /* Base */ = {isa = PBXFileReference; lastKnownFileType = file.xib; name = Base; path = Base.lproj/LaunchScreen.xib; sourceTree = "<group>"; };
		D35CA5661A77A9FA00F500B0 /* F16RetrievingDataTests.xctest */ = {isa = PBXFileReference; explicitFileType = wrapper.cfbundle; includeInIndex = 0; path = F16RetrievingDataTests.xctest; sourceTree = BUILT_PRODUCTS_DIR; };
		D35CA56B1A77A9FA00F500B0 /* Info.plist */ = {isa = PBXFileReference; lastKnownFileType = text.plist.xml; path = Info.plist; sourceTree = "<group>"; };
		D35CA56C1A77A9FA00F500B0 /* F16RetrievingDataTests.m */ = {isa = PBXFileReference; lastKnownFileType = sourcecode.c.objc; path = F16RetrievingDataTests.m; sourceTree = "<group>"; };
		D35CA57A1A77AA5700F500B0 /* F16RetrievingDataSwift.app */ = {isa = PBXFileReference; explicitFileType = wrapper.application; includeInIndex = 0; path = F16RetrievingDataSwift.app; sourceTree = BUILT_PRODUCTS_DIR; };
		D35CA57D1A77AA5700F500B0 /* Info.plist */ = {isa = PBXFileReference; lastKnownFileType = text.plist.xml; path = Info.plist; sourceTree = "<group>"; };
		D35CA57E1A77AA5700F500B0 /* AppDelegate.swift */ = {isa = PBXFileReference; lastKnownFileType = sourcecode.swift; path = AppDelegate.swift; sourceTree = "<group>"; };
		D35CA5801A77AA5700F500B0 /* ViewController.swift */ = {isa = PBXFileReference; lastKnownFileType = sourcecode.swift; path = ViewController.swift; sourceTree = "<group>"; };
		D35CA5831A77AA5700F500B0 /* Base */ = {isa = PBXFileReference; lastKnownFileType = file.storyboard; name = Base; path = Base.lproj/Main.storyboard; sourceTree = "<group>"; };
		D35CA5851A77AA5700F500B0 /* Images.xcassets */ = {isa = PBXFileReference; lastKnownFileType = folder.assetcatalog; path = Images.xcassets; sourceTree = "<group>"; };
		D35CA5881A77AA5700F500B0 /* Base */ = {isa = PBXFileReference; lastKnownFileType = file.xib; name = Base; path = Base.lproj/LaunchScreen.xib; sourceTree = "<group>"; };
		D35CA58E1A77AA5700F500B0 /* F16RetrievingDataSwiftTests.xctest */ = {isa = PBXFileReference; explicitFileType = wrapper.cfbundle; includeInIndex = 0; path = F16RetrievingDataSwiftTests.xctest; sourceTree = BUILT_PRODUCTS_DIR; };
		D35CA5931A77AA5700F500B0 /* Info.plist */ = {isa = PBXFileReference; lastKnownFileType = text.plist.xml; path = Info.plist; sourceTree = "<group>"; };
		D35CA5941A77AA5700F500B0 /* F16RetrievingDataSwiftTests.swift */ = {isa = PBXFileReference; lastKnownFileType = sourcecode.swift; path = F16RetrievingDataSwiftTests.swift; sourceTree = "<group>"; };
		D35CA59C1A77AB0200F500B0 /* Location.h */ = {isa = PBXFileReference; fileEncoding = 4; lastKnownFileType = sourcecode.c.h; path = Location.h; sourceTree = "<group>"; };
		D35CA59D1A77AB0200F500B0 /* Location.m */ = {isa = PBXFileReference; fileEncoding = 4; lastKnownFileType = sourcecode.c.objc; path = Location.m; sourceTree = "<group>"; };
		D35CA5A41A77AB0200F500B0 /* Restaurant.h */ = {isa = PBXFileReference; fileEncoding = 4; lastKnownFileType = sourcecode.c.h; path = Restaurant.h; sourceTree = "<group>"; };
		D35CA5A51A77AB0200F500B0 /* Restaurant.m */ = {isa = PBXFileReference; fileEncoding = 4; lastKnownFileType = sourcecode.c.objc; path = Restaurant.m; sourceTree = "<group>"; };
		D35CA5AB1A77ABB800F500B0 /* libsqlite3.dylib */ = {isa = PBXFileReference; lastKnownFileType = "compiled.mach-o.dylib"; name = libsqlite3.dylib; path = usr/lib/libsqlite3.dylib; sourceTree = SDKROOT; };
		D35CA5AC1A77ABB800F500B0 /* SystemConfiguration.framework */ = {isa = PBXFileReference; lastKnownFileType = wrapper.framework; name = SystemConfiguration.framework; path = System/Library/Frameworks/SystemConfiguration.framework; sourceTree = SDKROOT; };
		D35CA5B31A77AC1900F500B0 /* backendless.a */ = {isa = PBXFileReference; lastKnownFileType = archive.ar; path = backendless.a; sourceTree = "<group>"; };
		D35CA5B51A77AC1900F500B0 /* AbstractProperty.h */ = {isa = PBXFileReference; fileEncoding = 4; lastKnownFileType = sourcecode.c.h; path = AbstractProperty.h; sourceTree = "<group>"; };
		D35CA5B61A77AC1900F500B0 /* AbstractQuery.h */ = {isa = PBXFileReference; fileEncoding = 4; lastKnownFileType = sourcecode.c.h; path = AbstractQuery.h; sourceTree = "<group>"; };
		D35CA5B71A77AC1900F500B0 /* AtomicCounters.h */ = {isa = PBXFileReference; fileEncoding = 4; lastKnownFileType = sourcecode.c.h; path = AtomicCounters.h; sourceTree = "<group>"; };
		D35CA5B81A77AC1900F500B0 /* AtomicCountersFactory.h */ = {isa = PBXFileReference; fileEncoding = 4; lastKnownFileType = sourcecode.c.h; path = AtomicCountersFactory.h; sourceTree = "<group>"; };
		D35CA5B91A77AC1900F500B0 /* Backendless-Bridging-Header.h */ = {isa = PBXFileReference; fileEncoding = 4; lastKnownFileType = sourcecode.c.h; path = "Backendless-Bridging-Header.h"; sourceTree = "<group>"; };
		D35CA5BA1A77AC1900F500B0 /* Backendless.h */ = {isa = PBXFileReference; fileEncoding = 4; lastKnownFileType = sourcecode.c.h; path = Backendless.h; sourceTree = "<group>"; };
		D35CA5BB1A77AC1900F500B0 /* BackendlessCachePolicy.h */ = {isa = PBXFileReference; fileEncoding = 4; lastKnownFileType = sourcecode.c.h; path = BackendlessCachePolicy.h; sourceTree = "<group>"; };
		D35CA5BC1A77AC1900F500B0 /* BackendlessCacheProtocol.h */ = {isa = PBXFileReference; fileEncoding = 4; lastKnownFileType = sourcecode.c.h; path = BackendlessCacheProtocol.h; sourceTree = "<group>"; };
		D35CA5BD1A77AC1900F500B0 /* BackendlessCollection.h */ = {isa = PBXFileReference; fileEncoding = 4; lastKnownFileType = sourcecode.c.h; path = BackendlessCollection.h; sourceTree = "<group>"; };
		D35CA5BE1A77AC1900F500B0 /* BackendlessDataQuery.h */ = {isa = PBXFileReference; fileEncoding = 4; lastKnownFileType = sourcecode.c.h; path = BackendlessDataQuery.h; sourceTree = "<group>"; };
		D35CA5BF1A77AC1900F500B0 /* BackendlessEntity.h */ = {isa = PBXFileReference; fileEncoding = 4; lastKnownFileType = sourcecode.c.h; path = BackendlessEntity.h; sourceTree = "<group>"; };
		D35CA5C01A77AC1900F500B0 /* BackendlessFile.h */ = {isa = PBXFileReference; fileEncoding = 4; lastKnownFileType = sourcecode.c.h; path = BackendlessFile.h; sourceTree = "<group>"; };
		D35CA5C11A77AC1900F500B0 /* BackendlessGeoQuery.h */ = {isa = PBXFileReference; fileEncoding = 4; lastKnownFileType = sourcecode.c.h; path = BackendlessGeoQuery.h; sourceTree = "<group>"; };
		D35CA5C21A77AC1900F500B0 /* BackendlessUser.h */ = {isa = PBXFileReference; fileEncoding = 4; lastKnownFileType = sourcecode.c.h; path = BackendlessUser.h; sourceTree = "<group>"; };
		D35CA5C31A77AC1900F500B0 /* BEAnnotation.h */ = {isa = PBXFileReference; fileEncoding = 4; lastKnownFileType = sourcecode.c.h; path = BEAnnotation.h; sourceTree = "<group>"; };
		D35CA5C41A77AC1900F500B0 /* BECollectionView.h */ = {isa = PBXFileReference; fileEncoding = 4; lastKnownFileType = sourcecode.c.h; path = BECollectionView.h; sourceTree = "<group>"; };
		D35CA5C51A77AC1900F500B0 /* BEMapView.h */ = {isa = PBXFileReference; fileEncoding = 4; lastKnownFileType = sourcecode.c.h; path = BEMapView.h; sourceTree = "<group>"; };
		D35CA5C61A77AC1900F500B0 /* BESubscription.h */ = {isa = PBXFileReference; fileEncoding = 4; lastKnownFileType = sourcecode.c.h; path = BESubscription.h; sourceTree = "<group>"; };
		D35CA5C71A77AC1900F500B0 /* BETableView.h */ = {isa = PBXFileReference; fileEncoding = 4; lastKnownFileType = sourcecode.c.h; path = BETableView.h; sourceTree = "<group>"; };
		D35CA5C81A77AC1900F500B0 /* CacheFactory.h */ = {isa = PBXFileReference; fileEncoding = 4; lastKnownFileType = sourcecode.c.h; path = CacheFactory.h; sourceTree = "<group>"; };
		D35CA5C91A77AC1900F500B0 /* CacheService.h */ = {isa = PBXFileReference; fileEncoding = 4; lastKnownFileType = sourcecode.c.h; path = CacheService.h; sourceTree = "<group>"; };
		D35CA5CA1A77AC1900F500B0 /* CustomService.h */ = {isa = PBXFileReference; fileEncoding = 4; lastKnownFileType = sourcecode.c.h; path = CustomService.h; sourceTree = "<group>"; };
		D35CA5CB1A77AC1900F500B0 /* DataPermission.h */ = {isa = PBXFileReference; fileEncoding = 4; lastKnownFileType = sourcecode.c.h; path = DataPermission.h; sourceTree = "<group>"; };
		D35CA5CC1A77AC1900F500B0 /* DataStoreFactory.h */ = {isa = PBXFileReference; fileEncoding = 4; lastKnownFileType = sourcecode.c.h; path = DataStoreFactory.h; sourceTree = "<group>"; };
		D35CA5CD1A77AC1900F500B0 /* DeliveryOptions.h */ = {isa = PBXFileReference; fileEncoding = 4; lastKnownFileType = sourcecode.c.h; path = DeliveryOptions.h; sourceTree = "<group>"; };
		D35CA5CE1A77AC1900F500B0 /* DeviceRegistration.h */ = {isa = PBXFileReference; fileEncoding = 4; lastKnownFileType = sourcecode.c.h; path = DeviceRegistration.h; sourceTree = "<group>"; };
		D35CA5CF1A77AC1900F500B0 /* Events.h */ = {isa = PBXFileReference; fileEncoding = 4; lastKnownFileType = sourcecode.c.h; path = Events.h; sourceTree = "<group>"; };
		D35CA5D01A77AC1900F500B0 /* FilePermission.h */ = {isa = PBXFileReference; fileEncoding = 4; lastKnownFileType = sourcecode.c.h; path = FilePermission.h; sourceTree = "<group>"; };
		D35CA5D11A77AC1900F500B0 /* FileService.h */ = {isa = PBXFileReference; fileEncoding = 4; lastKnownFileType = sourcecode.c.h; path = FileService.h; sourceTree = "<group>"; };
		D35CA5D21A77AC1900F500B0 /* GeoCategory.h */ = {isa = PBXFileReference; fileEncoding = 4; lastKnownFileType = sourcecode.c.h; path = GeoCategory.h; sourceTree = "<group>"; };
		D35CA5D31A77AC1900F500B0 /* GeoPoint.h */ = {isa = PBXFileReference; fileEncoding = 4; lastKnownFileType = sourcecode.c.h; path = GeoPoint.h; sourceTree = "<group>"; };
		D35CA5D41A77AC1900F500B0 /* GeoService.h */ = {isa = PBXFileReference; fileEncoding = 4; lastKnownFileType = sourcecode.c.h; path = GeoService.h; sourceTree = "<group>"; };
		D35CA5D51A77AC1900F500B0 /* HashMap.h */ = {isa = PBXFileReference; fileEncoding = 4; lastKnownFileType = sourcecode.c.h; path = HashMap.h; sourceTree = "<group>"; };
		D35CA5D61A77AC1900F500B0 /* IAtomicCounters.h */ = {isa = PBXFileReference; fileEncoding = 4; lastKnownFileType = sourcecode.c.h; path = IAtomicCounters.h; sourceTree = "<group>"; };
		D35CA5D71A77AC1900F500B0 /* ICacheService.h */ = {isa = PBXFileReference; fileEncoding = 4; lastKnownFileType = sourcecode.c.h; path = ICacheService.h; sourceTree = "<group>"; };
		D35CA5D81A77AC1900F500B0 /* IDataStore.h */ = {isa = PBXFileReference; fileEncoding = 4; lastKnownFileType = sourcecode.c.h; path = IDataStore.h; sourceTree = "<group>"; };
		D35CA5D91A77AC1900F500B0 /* IMediaStreamer.h */ = {isa = PBXFileReference; fileEncoding = 4; lastKnownFileType = sourcecode.c.h; path = IMediaStreamer.h; sourceTree = "<group>"; };
		D35CA5DA1A77AC1900F500B0 /* MediaPlaybackOptions.h */ = {isa = PBXFileReference; fileEncoding = 4; lastKnownFileType = sourcecode.c.h; path = MediaPlaybackOptions.h; sourceTree = "<group>"; };
		D35CA5DB1A77AC1900F500B0 /* MediaPlayer.h */ = {isa = PBXFileReference; fileEncoding = 4; lastKnownFileType = sourcecode.c.h; path = MediaPlayer.h; sourceTree = "<group>"; };
		D35CA5DC1A77AC1900F500B0 /* MediaPublisher.h */ = {isa = PBXFileReference; fileEncoding = 4; lastKnownFileType = sourcecode.c.h; path = MediaPublisher.h; sourceTree = "<group>"; };
		D35CA5DD1A77AC1900F500B0 /* MediaPublishOptions.h */ = {isa = PBXFileReference; fileEncoding = 4; lastKnownFileType = sourcecode.c.h; path = MediaPublishOptions.h; sourceTree = "<group>"; };
		D35CA5DE1A77AC1900F500B0 /* MediaService.h */ = {isa = PBXFileReference; fileEncoding = 4; lastKnownFileType = sourcecode.c.h; path = MediaService.h; sourceTree = "<group>"; };
		D35CA5DF1A77AC1900F500B0 /* Message.h */ = {isa = PBXFileReference; fileEncoding = 4; lastKnownFileType = sourcecode.c.h; path = Message.h; sourceTree = "<group>"; };
		D35CA5E01A77AC1900F500B0 /* MessageStatus.h */ = {isa = PBXFileReference; fileEncoding = 4; lastKnownFileType = sourcecode.c.h; path = MessageStatus.h; sourceTree = "<group>"; };
		D35CA5E11A77AC1900F500B0 /* MessagingService.h */ = {isa = PBXFileReference; fileEncoding = 4; lastKnownFileType = sourcecode.c.h; path = MessagingService.h; sourceTree = "<group>"; };
		D35CA5E21A77AC1900F500B0 /* ObjectProperty.h */ = {isa = PBXFileReference; fileEncoding = 4; lastKnownFileType = sourcecode.c.h; path = ObjectProperty.h; sourceTree = "<group>"; };
		D35CA5E31A77AC1900F500B0 /* PersistenceService.h */ = {isa = PBXFileReference; fileEncoding = 4; lastKnownFileType = sourcecode.c.h; path = PersistenceService.h; sourceTree = "<group>"; };
		D35CA5E41A77AC1900F500B0 /* PublishOptions.h */ = {isa = PBXFileReference; fileEncoding = 4; lastKnownFileType = sourcecode.c.h; path = PublishOptions.h; sourceTree = "<group>"; };
		D35CA5E51A77AC1900F500B0 /* QueryOptions.h */ = {isa = PBXFileReference; fileEncoding = 4; lastKnownFileType = sourcecode.c.h; path = QueryOptions.h; sourceTree = "<group>"; };
		D35CA5E61A77AC1900F500B0 /* SubscriptionOptions.h */ = {isa = PBXFileReference; fileEncoding = 4; lastKnownFileType = sourcecode.c.h; path = SubscriptionOptions.h; sourceTree = "<group>"; };
		D35CA5E71A77AC1900F500B0 /* UserProperty.h */ = {isa = PBXFileReference; fileEncoding = 4; lastKnownFileType = sourcecode.c.h; path = UserProperty.h; sourceTree = "<group>"; };
		D35CA5E81A77AC1900F500B0 /* UserService.h */ = {isa = PBXFileReference; fileEncoding = 4; lastKnownFileType = sourcecode.c.h; path = UserService.h; sourceTree = "<group>"; };
		D35CA5EA1A77AC1900F500B0 /* CommLibiOS.a */ = {isa = PBXFileReference; lastKnownFileType = archive.ar; path = CommLibiOS.a; sourceTree = "<group>"; };
		D35CA5EC1A77AC1900F500B0 /* AMFSerializer.h */ = {isa = PBXFileReference; fileEncoding = 4; lastKnownFileType = sourcecode.c.h; path = AMFSerializer.h; sourceTree = "<group>"; };
		D35CA5ED1A77AC1900F500B0 /* BinaryCodec.h */ = {isa = PBXFileReference; fileEncoding = 4; lastKnownFileType = sourcecode.c.h; path = BinaryCodec.h; sourceTree = "<group>"; };
		D35CA5EE1A77AC1900F500B0 /* BinaryStream.h */ = {isa = PBXFileReference; fileEncoding = 4; lastKnownFileType = sourcecode.c.h; path = BinaryStream.h; sourceTree = "<group>"; };
		D35CA5EF1A77AC1900F500B0 /* DEBUG.h */ = {isa = PBXFileReference; fileEncoding = 4; lastKnownFileType = sourcecode.c.h; path = DEBUG.h; sourceTree = "<group>"; };
		D35CA5F01A77AC1900F500B0 /* FlashorbBinaryReader.h */ = {isa = PBXFileReference; fileEncoding = 4; lastKnownFileType = sourcecode.c.h; path = FlashorbBinaryReader.h; sourceTree = "<group>"; };
		D35CA5F11A77AC1900F500B0 /* FlashorbBinaryWriter.h */ = {isa = PBXFileReference; fileEncoding = 4; lastKnownFileType = sourcecode.c.h; path = FlashorbBinaryWriter.h; sourceTree = "<group>"; };
		D35CA5F21A77AC1900F500B0 /* IAttributeStore.h */ = {isa = PBXFileReference; fileEncoding = 4; lastKnownFileType = sourcecode.c.h; path = IAttributeStore.h; sourceTree = "<group>"; };
		D35CA5F31A77AC1900F500B0 /* IClientSharedObject.h */ = {isa = PBXFileReference; fileEncoding = 4; lastKnownFileType = sourcecode.c.h; path = IClientSharedObject.h; sourceTree = "<group>"; };
		D35CA5F41A77AC1900F500B0 /* IClientSharedObjectDelegate.h */ = {isa = PBXFileReference; fileEncoding = 4; lastKnownFileType = sourcecode.c.h; path = IClientSharedObjectDelegate.h; sourceTree = "<group>"; };
		D35CA5F51A77AC1900F500B0 /* IPendingServiceCallback.h */ = {isa = PBXFileReference; fileEncoding = 4; lastKnownFileType = sourcecode.c.h; path = IPendingServiceCallback.h; sourceTree = "<group>"; };
		D35CA5F61A77AC1900F500B0 /* IPersistable.h */ = {isa = PBXFileReference; fileEncoding = 4; lastKnownFileType = sourcecode.c.h; path = IPersistable.h; sourceTree = "<group>"; };
		D35CA5F71A77AC1900F500B0 /* IRTMProtocol.h */ = {isa = PBXFileReference; fileEncoding = 4; lastKnownFileType = sourcecode.c.h; path = IRTMProtocol.h; sourceTree = "<group>"; };
		D35CA5F81A77AC1900F500B0 /* IServiceCall.h */ = {isa = PBXFileReference; fileEncoding = 4; lastKnownFileType = sourcecode.c.h; path = IServiceCall.h; sourceTree = "<group>"; };
		D35CA5F91A77AC1900F500B0 /* ISharedObjectListener.h */ = {isa = PBXFileReference; fileEncoding = 4; lastKnownFileType = sourcecode.c.h; path = ISharedObjectListener.h; sourceTree = "<group>"; };
		D35CA5FA1A77AC1900F500B0 /* MemoryTicker.h */ = {isa = PBXFileReference; fileEncoding = 4; lastKnownFileType = sourcecode.c.h; path = MemoryTicker.h; sourceTree = "<group>"; };
		D35CA5FB1A77AC1900F500B0 /* Responder.h */ = {isa = PBXFileReference; fileEncoding = 4; lastKnownFileType = sourcecode.c.h; path = Responder.h; sourceTree = "<group>"; };
		D35CA5FC1A77AC1900F500B0 /* RTMPClient.h */ = {isa = PBXFileReference; fileEncoding = 4; lastKnownFileType = sourcecode.c.h; path = RTMPClient.h; sourceTree = "<group>"; };
		D35CA5FD1A77AC1900F500B0 /* Types.h */ = {isa = PBXFileReference; fileEncoding = 4; lastKnownFileType = sourcecode.c.h; path = Types.h; sourceTree = "<group>"; };
		D35CA5FE1A77AC1900F500B0 /* WeborbClient.h */ = {isa = PBXFileReference; fileEncoding = 4; lastKnownFileType = sourcecode.c.h; path = WeborbClient.h; sourceTree = "<group>"; };
		D35CA6031A77BBC200F500B0 /* Location.swift */ = {isa = PBXFileReference; fileEncoding = 4; lastKnownFileType = sourcecode.swift; path = Location.swift; sourceTree = "<group>"; };
		D35CA6051A77BBDE00F500B0 /* Menu.swift */ = {isa = PBXFileReference; fileEncoding = 4; lastKnownFileType = sourcecode.swift; path = Menu.swift; sourceTree = "<group>"; };
		D35CA6071A77BBF000F500B0 /* MenuItem.swift */ = {isa = PBXFileReference; fileEncoding = 4; lastKnownFileType = sourcecode.swift; path = MenuItem.swift; sourceTree = "<group>"; };
		D35CA60B1A77BC2000F500B0 /* Restaurant.swift */ = {isa = PBXFileReference; fileEncoding = 4; lastKnownFileType = sourcecode.swift; path = Restaurant.swift; sourceTree = "<group>"; };
/* End PBXFileReference section */

/* Begin PBXFrameworksBuildPhase section */
		D35CA54A1A77A9FA00F500B0 /* Frameworks */ = {
			isa = PBXFrameworksBuildPhase;
			buildActionMask = 2147483647;
			files = (
				D35CA5AD1A77ABB800F500B0 /* libsqlite3.dylib in Frameworks */,
				D35CA6011A77AC1900F500B0 /* CommLibiOS.a in Frameworks */,
				D35CA5FF1A77AC1900F500B0 /* backendless.a in Frameworks */,
				D35CA5AE1A77ABB800F500B0 /* SystemConfiguration.framework in Frameworks */,
			);
			runOnlyForDeploymentPostprocessing = 0;
		};
		D35CA5631A77A9FA00F500B0 /* Frameworks */ = {
			isa = PBXFrameworksBuildPhase;
			buildActionMask = 2147483647;
			files = (
			);
			runOnlyForDeploymentPostprocessing = 0;
		};
		D35CA5771A77AA5700F500B0 /* Frameworks */ = {
			isa = PBXFrameworksBuildPhase;
			buildActionMask = 2147483647;
			files = (
				D35CA5AF1A77ABCE00F500B0 /* libsqlite3.dylib in Frameworks */,
				D35CA6021A77AC1900F500B0 /* CommLibiOS.a in Frameworks */,
				D35CA6001A77AC1900F500B0 /* backendless.a in Frameworks */,
				D35CA5B01A77ABCE00F500B0 /* SystemConfiguration.framework in Frameworks */,
			);
			runOnlyForDeploymentPostprocessing = 0;
		};
		D35CA58B1A77AA5700F500B0 /* Frameworks */ = {
			isa = PBXFrameworksBuildPhase;
			buildActionMask = 2147483647;
			files = (
			);
			runOnlyForDeploymentPostprocessing = 0;
		};
/* End PBXFrameworksBuildPhase section */

/* Begin PBXGroup section */
		D35CA5441A77A9F900F500B0 = {
			isa = PBXGroup;
			children = (
				D35CA5B11A77AC1900F500B0 /* lib */,
				D35CA5AB1A77ABB800F500B0 /* libsqlite3.dylib */,
				D35CA5AC1A77ABB800F500B0 /* SystemConfiguration.framework */,
				D35CA54F1A77A9FA00F500B0 /* F16RetrievingData */,
				D35CA5691A77A9FA00F500B0 /* F16RetrievingDataTests */,
				D35CA57B1A77AA5700F500B0 /* F16RetrievingDataSwift */,
				D35CA5911A77AA5700F500B0 /* F16RetrievingDataSwiftTests */,
				D35CA54E1A77A9FA00F500B0 /* Products */,
			);
			sourceTree = "<group>";
		};
		D35CA54E1A77A9FA00F500B0 /* Products */ = {
			isa = PBXGroup;
			children = (
				D35CA54D1A77A9FA00F500B0 /* F16RetrievingData.app */,
				D35CA5661A77A9FA00F500B0 /* F16RetrievingDataTests.xctest */,
				D35CA57A1A77AA5700F500B0 /* F16RetrievingDataSwift.app */,
				D35CA58E1A77AA5700F500B0 /* F16RetrievingDataSwiftTests.xctest */,
			);
			name = Products;
			sourceTree = "<group>";
		};
		D35CA54F1A77A9FA00F500B0 /* F16RetrievingData */ = {
			isa = PBXGroup;
			children = (
				D35CA59C1A77AB0200F500B0 /* Location.h */,
				D35CA59D1A77AB0200F500B0 /* Location.m */,
				D35CA5A41A77AB0200F500B0 /* Restaurant.h */,
				D35CA5A51A77AB0200F500B0 /* Restaurant.m */,
				D35CA5541A77A9FA00F500B0 /* AppDelegate.h */,
				D35CA5551A77A9FA00F500B0 /* AppDelegate.m */,
				D35CA5571A77A9FA00F500B0 /* ViewController.h */,
				D35CA5581A77A9FA00F500B0 /* ViewController.m */,
				D35CA55A1A77A9FA00F500B0 /* Main.storyboard */,
				D35CA55D1A77A9FA00F500B0 /* Images.xcassets */,
				D35CA55F1A77A9FA00F500B0 /* LaunchScreen.xib */,
				D35CA5501A77A9FA00F500B0 /* Supporting Files */,
			);
			path = F16RetrievingData;
			sourceTree = "<group>";
		};
		D35CA5501A77A9FA00F500B0 /* Supporting Files */ = {
			isa = PBXGroup;
			children = (
				D35CA5511A77A9FA00F500B0 /* Info.plist */,
				D35CA5521A77A9FA00F500B0 /* main.m */,
			);
			name = "Supporting Files";
			sourceTree = "<group>";
		};
		D35CA5691A77A9FA00F500B0 /* F16RetrievingDataTests */ = {
			isa = PBXGroup;
			children = (
				D35CA56C1A77A9FA00F500B0 /* F16RetrievingDataTests.m */,
				D35CA56A1A77A9FA00F500B0 /* Supporting Files */,
			);
			path = F16RetrievingDataTests;
			sourceTree = "<group>";
		};
		D35CA56A1A77A9FA00F500B0 /* Supporting Files */ = {
			isa = PBXGroup;
			children = (
				D35CA56B1A77A9FA00F500B0 /* Info.plist */,
			);
			name = "Supporting Files";
			sourceTree = "<group>";
		};
		D35CA57B1A77AA5700F500B0 /* F16RetrievingDataSwift */ = {
			isa = PBXGroup;
			children = (
				D35CA6031A77BBC200F500B0 /* Location.swift */,
				D35CA6051A77BBDE00F500B0 /* Menu.swift */,
				D35CA6071A77BBF000F500B0 /* MenuItem.swift */,
				D35CA60B1A77BC2000F500B0 /* Restaurant.swift */,
				D35CA57E1A77AA5700F500B0 /* AppDelegate.swift */,
				D35CA5801A77AA5700F500B0 /* ViewController.swift */,
				D35CA5821A77AA5700F500B0 /* Main.storyboard */,
				D35CA5851A77AA5700F500B0 /* Images.xcassets */,
				D35CA5871A77AA5700F500B0 /* LaunchScreen.xib */,
				D35CA57C1A77AA5700F500B0 /* Supporting Files */,
			);
			path = F16RetrievingDataSwift;
			sourceTree = "<group>";
		};
		D35CA57C1A77AA5700F500B0 /* Supporting Files */ = {
			isa = PBXGroup;
			children = (
				D35CA57D1A77AA5700F500B0 /* Info.plist */,
			);
			name = "Supporting Files";
			sourceTree = "<group>";
		};
		D35CA5911A77AA5700F500B0 /* F16RetrievingDataSwiftTests */ = {
			isa = PBXGroup;
			children = (
				D35CA5941A77AA5700F500B0 /* F16RetrievingDataSwiftTests.swift */,
				D35CA5921A77AA5700F500B0 /* Supporting Files */,
			);
			path = F16RetrievingDataSwiftTests;
			sourceTree = "<group>";
		};
		D35CA5921A77AA5700F500B0 /* Supporting Files */ = {
			isa = PBXGroup;
			children = (
				D35CA5931A77AA5700F500B0 /* Info.plist */,
			);
			name = "Supporting Files";
			sourceTree = "<group>";
		};
		D35CA5B11A77AC1900F500B0 /* lib */ = {
			isa = PBXGroup;
			children = (
				D35CA5B21A77AC1900F500B0 /* backendless */,
				D35CA5E91A77AC1900F500B0 /* CommLibiOS */,
			);
			name = lib;
			path = ../lib;
			sourceTree = "<group>";
		};
		D35CA5B21A77AC1900F500B0 /* backendless */ = {
			isa = PBXGroup;
			children = (
				D35CA5B31A77AC1900F500B0 /* backendless.a */,
				D35CA5B41A77AC1900F500B0 /* include */,
			);
			path = backendless;
			sourceTree = "<group>";
		};
		D35CA5B41A77AC1900F500B0 /* include */ = {
			isa = PBXGroup;
			children = (
				D35CA5B51A77AC1900F500B0 /* AbstractProperty.h */,
				D35CA5B61A77AC1900F500B0 /* AbstractQuery.h */,
				D35CA5B71A77AC1900F500B0 /* AtomicCounters.h */,
				D35CA5B81A77AC1900F500B0 /* AtomicCountersFactory.h */,
				D35CA5B91A77AC1900F500B0 /* Backendless-Bridging-Header.h */,
				D35CA5BA1A77AC1900F500B0 /* Backendless.h */,
				D35CA5BB1A77AC1900F500B0 /* BackendlessCachePolicy.h */,
				D35CA5BC1A77AC1900F500B0 /* BackendlessCacheProtocol.h */,
				D35CA5BD1A77AC1900F500B0 /* BackendlessCollection.h */,
				D35CA5BE1A77AC1900F500B0 /* BackendlessDataQuery.h */,
				D35CA5BF1A77AC1900F500B0 /* BackendlessEntity.h */,
				D35CA5C01A77AC1900F500B0 /* BackendlessFile.h */,
				D35CA5C11A77AC1900F500B0 /* BackendlessGeoQuery.h */,
				D35CA5C21A77AC1900F500B0 /* BackendlessUser.h */,
				D35CA5C31A77AC1900F500B0 /* BEAnnotation.h */,
				D35CA5C41A77AC1900F500B0 /* BECollectionView.h */,
				D35CA5C51A77AC1900F500B0 /* BEMapView.h */,
				D35CA5C61A77AC1900F500B0 /* BESubscription.h */,
				D35CA5C71A77AC1900F500B0 /* BETableView.h */,
				D35CA5C81A77AC1900F500B0 /* CacheFactory.h */,
				D35CA5C91A77AC1900F500B0 /* CacheService.h */,
				D35CA5CA1A77AC1900F500B0 /* CustomService.h */,
				D35CA5CB1A77AC1900F500B0 /* DataPermission.h */,
				D35CA5CC1A77AC1900F500B0 /* DataStoreFactory.h */,
				D35CA5CD1A77AC1900F500B0 /* DeliveryOptions.h */,
				D35CA5CE1A77AC1900F500B0 /* DeviceRegistration.h */,
				D35CA5CF1A77AC1900F500B0 /* Events.h */,
				D35CA5D01A77AC1900F500B0 /* FilePermission.h */,
				D35CA5D11A77AC1900F500B0 /* FileService.h */,
				D35CA5D21A77AC1900F500B0 /* GeoCategory.h */,
				D35CA5D31A77AC1900F500B0 /* GeoPoint.h */,
				D35CA5D41A77AC1900F500B0 /* GeoService.h */,
				D35CA5D51A77AC1900F500B0 /* HashMap.h */,
				D35CA5D61A77AC1900F500B0 /* IAtomicCounters.h */,
				D35CA5D71A77AC1900F500B0 /* ICacheService.h */,
				D35CA5D81A77AC1900F500B0 /* IDataStore.h */,
				D35CA5D91A77AC1900F500B0 /* IMediaStreamer.h */,
				D35CA5DA1A77AC1900F500B0 /* MediaPlaybackOptions.h */,
				D35CA5DB1A77AC1900F500B0 /* MediaPlayer.h */,
				D35CA5DC1A77AC1900F500B0 /* MediaPublisher.h */,
				D35CA5DD1A77AC1900F500B0 /* MediaPublishOptions.h */,
				D35CA5DE1A77AC1900F500B0 /* MediaService.h */,
				D35CA5DF1A77AC1900F500B0 /* Message.h */,
				D35CA5E01A77AC1900F500B0 /* MessageStatus.h */,
				D35CA5E11A77AC1900F500B0 /* MessagingService.h */,
				D35CA5E21A77AC1900F500B0 /* ObjectProperty.h */,
				D35CA5E31A77AC1900F500B0 /* PersistenceService.h */,
				D35CA5E41A77AC1900F500B0 /* PublishOptions.h */,
				D35CA5E51A77AC1900F500B0 /* QueryOptions.h */,
				D35CA5E61A77AC1900F500B0 /* SubscriptionOptions.h */,
				D35CA5E71A77AC1900F500B0 /* UserProperty.h */,
				D35CA5E81A77AC1900F500B0 /* UserService.h */,
			);
			path = include;
			sourceTree = "<group>";
		};
		D35CA5E91A77AC1900F500B0 /* CommLibiOS */ = {
			isa = PBXGroup;
			children = (
				D35CA5EA1A77AC1900F500B0 /* CommLibiOS.a */,
				D35CA5EB1A77AC1900F500B0 /* include */,
			);
			path = CommLibiOS;
			sourceTree = "<group>";
		};
		D35CA5EB1A77AC1900F500B0 /* include */ = {
			isa = PBXGroup;
			children = (
				D35CA5EC1A77AC1900F500B0 /* AMFSerializer.h */,
				D35CA5ED1A77AC1900F500B0 /* BinaryCodec.h */,
				D35CA5EE1A77AC1900F500B0 /* BinaryStream.h */,
				D35CA5EF1A77AC1900F500B0 /* DEBUG.h */,
				D35CA5F01A77AC1900F500B0 /* FlashorbBinaryReader.h */,
				D35CA5F11A77AC1900F500B0 /* FlashorbBinaryWriter.h */,
				D35CA5F21A77AC1900F500B0 /* IAttributeStore.h */,
				D35CA5F31A77AC1900F500B0 /* IClientSharedObject.h */,
				D35CA5F41A77AC1900F500B0 /* IClientSharedObjectDelegate.h */,
				D35CA5F51A77AC1900F500B0 /* IPendingServiceCallback.h */,
				D35CA5F61A77AC1900F500B0 /* IPersistable.h */,
				D35CA5F71A77AC1900F500B0 /* IRTMProtocol.h */,
				D35CA5F81A77AC1900F500B0 /* IServiceCall.h */,
				D35CA5F91A77AC1900F500B0 /* ISharedObjectListener.h */,
				D35CA5FA1A77AC1900F500B0 /* MemoryTicker.h */,
				D35CA5FB1A77AC1900F500B0 /* Responder.h */,
				D35CA5FC1A77AC1900F500B0 /* RTMPClient.h */,
				D35CA5FD1A77AC1900F500B0 /* Types.h */,
				D35CA5FE1A77AC1900F500B0 /* WeborbClient.h */,
			);
			path = include;
			sourceTree = "<group>";
		};
/* End PBXGroup section */

/* Begin PBXNativeTarget section */
		D35CA54C1A77A9FA00F500B0 /* F16RetrievingData */ = {
			isa = PBXNativeTarget;
			buildConfigurationList = D35CA5701A77A9FA00F500B0 /* Build configuration list for PBXNativeTarget "F16RetrievingData" */;
			buildPhases = (
				D35CA5491A77A9FA00F500B0 /* Sources */,
				D35CA54A1A77A9FA00F500B0 /* Frameworks */,
				D35CA54B1A77A9FA00F500B0 /* Resources */,
			);
			buildRules = (
			);
			dependencies = (
			);
			name = F16RetrievingData;
			productName = F16RetrievingData;
			productReference = D35CA54D1A77A9FA00F500B0 /* F16RetrievingData.app */;
			productType = "com.apple.product-type.application";
		};
		D35CA5651A77A9FA00F500B0 /* F16RetrievingDataTests */ = {
			isa = PBXNativeTarget;
			buildConfigurationList = D35CA5731A77A9FA00F500B0 /* Build configuration list for PBXNativeTarget "F16RetrievingDataTests" */;
			buildPhases = (
				D35CA5621A77A9FA00F500B0 /* Sources */,
				D35CA5631A77A9FA00F500B0 /* Frameworks */,
				D35CA5641A77A9FA00F500B0 /* Resources */,
			);
			buildRules = (
			);
			dependencies = (
				D35CA5681A77A9FA00F500B0 /* PBXTargetDependency */,
			);
			name = F16RetrievingDataTests;
			productName = F16RetrievingDataTests;
			productReference = D35CA5661A77A9FA00F500B0 /* F16RetrievingDataTests.xctest */;
			productType = "com.apple.product-type.bundle.unit-test";
		};
		D35CA5791A77AA5700F500B0 /* F16RetrievingDataSwift */ = {
			isa = PBXNativeTarget;
			buildConfigurationList = D35CA5961A77AA5700F500B0 /* Build configuration list for PBXNativeTarget "F16RetrievingDataSwift" */;
			buildPhases = (
				D35CA5761A77AA5700F500B0 /* Sources */,
				D35CA5771A77AA5700F500B0 /* Frameworks */,
				D35CA5781A77AA5700F500B0 /* Resources */,
			);
			buildRules = (
			);
			dependencies = (
			);
			name = F16RetrievingDataSwift;
			productName = F16RetrievingDataSwift;
			productReference = D35CA57A1A77AA5700F500B0 /* F16RetrievingDataSwift.app */;
			productType = "com.apple.product-type.application";
		};
		D35CA58D1A77AA5700F500B0 /* F16RetrievingDataSwiftTests */ = {
			isa = PBXNativeTarget;
			buildConfigurationList = D35CA5991A77AA5700F500B0 /* Build configuration list for PBXNativeTarget "F16RetrievingDataSwiftTests" */;
			buildPhases = (
				D35CA58A1A77AA5700F500B0 /* Sources */,
				D35CA58B1A77AA5700F500B0 /* Frameworks */,
				D35CA58C1A77AA5700F500B0 /* Resources */,
			);
			buildRules = (
			);
			dependencies = (
				D35CA5901A77AA5700F500B0 /* PBXTargetDependency */,
			);
			name = F16RetrievingDataSwiftTests;
			productName = F16RetrievingDataSwiftTests;
			productReference = D35CA58E1A77AA5700F500B0 /* F16RetrievingDataSwiftTests.xctest */;
			productType = "com.apple.product-type.bundle.unit-test";
		};
/* End PBXNativeTarget section */

/* Begin PBXProject section */
		D35CA5451A77A9F900F500B0 /* Project object */ = {
			isa = PBXProject;
			attributes = {
				LastUpgradeCheck = 0610;
				ORGANIZATIONNAME = BACKENDLESS.COM;
				TargetAttributes = {
					D35CA54C1A77A9FA00F500B0 = {
						CreatedOnToolsVersion = 6.1.1;
					};
					D35CA5651A77A9FA00F500B0 = {
						CreatedOnToolsVersion = 6.1.1;
						TestTargetID = D35CA54C1A77A9FA00F500B0;
					};
					D35CA5791A77AA5700F500B0 = {
						CreatedOnToolsVersion = 6.1.1;
					};
					D35CA58D1A77AA5700F500B0 = {
						CreatedOnToolsVersion = 6.1.1;
						TestTargetID = D35CA5791A77AA5700F500B0;
					};
				};
			};
			buildConfigurationList = D35CA5481A77A9F900F500B0 /* Build configuration list for PBXProject "F16RetrievingData" */;
			compatibilityVersion = "Xcode 3.2";
			developmentRegion = English;
			hasScannedForEncodings = 0;
			knownRegions = (
				en,
				Base,
			);
			mainGroup = D35CA5441A77A9F900F500B0;
			productRefGroup = D35CA54E1A77A9FA00F500B0 /* Products */;
			projectDirPath = "";
			projectRoot = "";
			targets = (
				D35CA54C1A77A9FA00F500B0 /* F16RetrievingData */,
				D35CA5791A77AA5700F500B0 /* F16RetrievingDataSwift */,
				D35CA5651A77A9FA00F500B0 /* F16RetrievingDataTests */,
				D35CA58D1A77AA5700F500B0 /* F16RetrievingDataSwiftTests */,
			);
		};
/* End PBXProject section */

/* Begin PBXResourcesBuildPhase section */
		D35CA54B1A77A9FA00F500B0 /* Resources */ = {
			isa = PBXResourcesBuildPhase;
			buildActionMask = 2147483647;
			files = (
				D35CA55C1A77A9FA00F500B0 /* Main.storyboard in Resources */,
				D35CA5611A77A9FA00F500B0 /* LaunchScreen.xib in Resources */,
				D35CA55E1A77A9FA00F500B0 /* Images.xcassets in Resources */,
			);
			runOnlyForDeploymentPostprocessing = 0;
		};
		D35CA5641A77A9FA00F500B0 /* Resources */ = {
			isa = PBXResourcesBuildPhase;
			buildActionMask = 2147483647;
			files = (
			);
			runOnlyForDeploymentPostprocessing = 0;
		};
		D35CA5781A77AA5700F500B0 /* Resources */ = {
			isa = PBXResourcesBuildPhase;
			buildActionMask = 2147483647;
			files = (
				D35CA5841A77AA5700F500B0 /* Main.storyboard in Resources */,
				D35CA5891A77AA5700F500B0 /* LaunchScreen.xib in Resources */,
				D35CA5861A77AA5700F500B0 /* Images.xcassets in Resources */,
			);
			runOnlyForDeploymentPostprocessing = 0;
		};
		D35CA58C1A77AA5700F500B0 /* Resources */ = {
			isa = PBXResourcesBuildPhase;
			buildActionMask = 2147483647;
			files = (
			);
			runOnlyForDeploymentPostprocessing = 0;
		};
/* End PBXResourcesBuildPhase section */

/* Begin PBXSourcesBuildPhase section */
		D35CA5491A77A9FA00F500B0 /* Sources */ = {
			isa = PBXSourcesBuildPhase;
			buildActionMask = 2147483647;
			files = (
				D35CA5AA1A77AB0200F500B0 /* Restaurant.m in Sources */,
				D35CA5591A77A9FA00F500B0 /* ViewController.m in Sources */,
				D35CA5561A77A9FA00F500B0 /* AppDelegate.m in Sources */,
				D35CA5A61A77AB0200F500B0 /* Location.m in Sources */,
				D35CA5531A77A9FA00F500B0 /* main.m in Sources */,
			);
			runOnlyForDeploymentPostprocessing = 0;
		};
		D35CA5621A77A9FA00F500B0 /* Sources */ = {
			isa = PBXSourcesBuildPhase;
			buildActionMask = 2147483647;
			files = (
				D35CA56D1A77A9FA00F500B0 /* F16RetrievingDataTests.m in Sources */,
			);
			runOnlyForDeploymentPostprocessing = 0;
		};
		D35CA5761A77AA5700F500B0 /* Sources */ = {
			isa = PBXSourcesBuildPhase;
			buildActionMask = 2147483647;
			files = (
				D35CA5811A77AA5700F500B0 /* ViewController.swift in Sources */,
				D35CA6041A77BBC200F500B0 /* Location.swift in Sources */,
				D35CA60C1A77BC2000F500B0 /* Restaurant.swift in Sources */,
				D35CA6061A77BBDE00F500B0 /* Menu.swift in Sources */,
				D35CA57F1A77AA5700F500B0 /* AppDelegate.swift in Sources */,
				D35CA6081A77BBF000F500B0 /* MenuItem.swift in Sources */,
			);
			runOnlyForDeploymentPostprocessing = 0;
		};
		D35CA58A1A77AA5700F500B0 /* Sources */ = {
			isa = PBXSourcesBuildPhase;
			buildActionMask = 2147483647;
			files = (
				D35CA5951A77AA5700F500B0 /* F16RetrievingDataSwiftTests.swift in Sources */,
			);
			runOnlyForDeploymentPostprocessing = 0;
		};
/* End PBXSourcesBuildPhase section */

/* Begin PBXTargetDependency section */
		D35CA5681A77A9FA00F500B0 /* PBXTargetDependency */ = {
			isa = PBXTargetDependency;
			target = D35CA54C1A77A9FA00F500B0 /* F16RetrievingData */;
			targetProxy = D35CA5671A77A9FA00F500B0 /* PBXContainerItemProxy */;
		};
		D35CA5901A77AA5700F500B0 /* PBXTargetDependency */ = {
			isa = PBXTargetDependency;
			target = D35CA5791A77AA5700F500B0 /* F16RetrievingDataSwift */;
			targetProxy = D35CA58F1A77AA5700F500B0 /* PBXContainerItemProxy */;
		};
/* End PBXTargetDependency section */

/* Begin PBXVariantGroup section */
		D35CA55A1A77A9FA00F500B0 /* Main.storyboard */ = {
			isa = PBXVariantGroup;
			children = (
				D35CA55B1A77A9FA00F500B0 /* Base */,
			);
			name = Main.storyboard;
			sourceTree = "<group>";
		};
		D35CA55F1A77A9FA00F500B0 /* LaunchScreen.xib */ = {
			isa = PBXVariantGroup;
			children = (
				D35CA5601A77A9FA00F500B0 /* Base */,
			);
			name = LaunchScreen.xib;
			sourceTree = "<group>";
		};
		D35CA5821A77AA5700F500B0 /* Main.storyboard */ = {
			isa = PBXVariantGroup;
			children = (
				D35CA5831A77AA5700F500B0 /* Base */,
			);
			name = Main.storyboard;
			sourceTree = "<group>";
		};
		D35CA5871A77AA5700F500B0 /* LaunchScreen.xib */ = {
			isa = PBXVariantGroup;
			children = (
				D35CA5881A77AA5700F500B0 /* Base */,
			);
			name = LaunchScreen.xib;
			sourceTree = "<group>";
		};
/* End PBXVariantGroup section */

/* Begin XCBuildConfiguration section */
		D35CA56E1A77A9FA00F500B0 /* Debug */ = {
			isa = XCBuildConfiguration;
			buildSettings = {
				ALWAYS_SEARCH_USER_PATHS = NO;
				CLANG_CXX_LANGUAGE_STANDARD = "gnu++0x";
				CLANG_CXX_LIBRARY = "libc++";
				CLANG_ENABLE_MODULES = YES;
				CLANG_ENABLE_OBJC_ARC = YES;
				CLANG_WARN_BOOL_CONVERSION = YES;
				CLANG_WARN_CONSTANT_CONVERSION = YES;
				CLANG_WARN_DIRECT_OBJC_ISA_USAGE = YES_ERROR;
				CLANG_WARN_EMPTY_BODY = YES;
				CLANG_WARN_ENUM_CONVERSION = YES;
				CLANG_WARN_INT_CONVERSION = YES;
				CLANG_WARN_OBJC_ROOT_CLASS = YES_ERROR;
				CLANG_WARN_UNREACHABLE_CODE = YES;
				CLANG_WARN__DUPLICATE_METHOD_MATCH = YES;
				"CODE_SIGN_IDENTITY[sdk=iphoneos*]" = "iPhone Developer";
				COPY_PHASE_STRIP = NO;
				ENABLE_STRICT_OBJC_MSGSEND = YES;
				GCC_C_LANGUAGE_STANDARD = gnu99;
				GCC_DYNAMIC_NO_PIC = NO;
				GCC_OPTIMIZATION_LEVEL = 0;
				GCC_PREPROCESSOR_DEFINITIONS = (
					"DEBUG=1",
					"$(inherited)",
				);
				GCC_SYMBOLS_PRIVATE_EXTERN = NO;
				GCC_WARN_64_TO_32_BIT_CONVERSION = YES;
				GCC_WARN_ABOUT_RETURN_TYPE = YES_ERROR;
				GCC_WARN_UNDECLARED_SELECTOR = YES;
				GCC_WARN_UNINITIALIZED_AUTOS = YES_AGGRESSIVE;
				GCC_WARN_UNUSED_FUNCTION = YES;
				GCC_WARN_UNUSED_VARIABLE = YES;
				IPHONEOS_DEPLOYMENT_TARGET = 8.1;
				MTL_ENABLE_DEBUG_INFO = YES;
				ONLY_ACTIVE_ARCH = YES;
				SDKROOT = iphoneos;
			};
			name = Debug;
		};
		D35CA56F1A77A9FA00F500B0 /* Release */ = {
			isa = XCBuildConfiguration;
			buildSettings = {
				ALWAYS_SEARCH_USER_PATHS = NO;
				CLANG_CXX_LANGUAGE_STANDARD = "gnu++0x";
				CLANG_CXX_LIBRARY = "libc++";
				CLANG_ENABLE_MODULES = YES;
				CLANG_ENABLE_OBJC_ARC = YES;
				CLANG_WARN_BOOL_CONVERSION = YES;
				CLANG_WARN_CONSTANT_CONVERSION = YES;
				CLANG_WARN_DIRECT_OBJC_ISA_USAGE = YES_ERROR;
				CLANG_WARN_EMPTY_BODY = YES;
				CLANG_WARN_ENUM_CONVERSION = YES;
				CLANG_WARN_INT_CONVERSION = YES;
				CLANG_WARN_OBJC_ROOT_CLASS = YES_ERROR;
				CLANG_WARN_UNREACHABLE_CODE = YES;
				CLANG_WARN__DUPLICATE_METHOD_MATCH = YES;
				"CODE_SIGN_IDENTITY[sdk=iphoneos*]" = "iPhone Developer";
				COPY_PHASE_STRIP = YES;
				ENABLE_NS_ASSERTIONS = NO;
				ENABLE_STRICT_OBJC_MSGSEND = YES;
				GCC_C_LANGUAGE_STANDARD = gnu99;
				GCC_WARN_64_TO_32_BIT_CONVERSION = YES;
				GCC_WARN_ABOUT_RETURN_TYPE = YES_ERROR;
				GCC_WARN_UNDECLARED_SELECTOR = YES;
				GCC_WARN_UNINITIALIZED_AUTOS = YES_AGGRESSIVE;
				GCC_WARN_UNUSED_FUNCTION = YES;
				GCC_WARN_UNUSED_VARIABLE = YES;
				IPHONEOS_DEPLOYMENT_TARGET = 8.1;
				MTL_ENABLE_DEBUG_INFO = NO;
				SDKROOT = iphoneos;
				VALIDATE_PRODUCT = YES;
			};
			name = Release;
		};
		D35CA5711A77A9FA00F500B0 /* Debug */ = {
			isa = XCBuildConfiguration;
			buildSettings = {
				ASSETCATALOG_COMPILER_APPICON_NAME = AppIcon;
				INFOPLIST_FILE = F16RetrievingData/Info.plist;
				IPHONEOS_DEPLOYMENT_TARGET = 8.2;
				LD_RUNPATH_SEARCH_PATHS = "$(inherited) @executable_path/Frameworks";
				LIBRARY_SEARCH_PATHS = (
					"$(inherited)",
					"$(SRCROOT)/../lib/backendless",
					"$(SRCROOT)/../lib/CommLibiOS",
				);
				PRODUCT_NAME = "$(TARGET_NAME)";
			};
			name = Debug;
		};
		D35CA5721A77A9FA00F500B0 /* Release */ = {
			isa = XCBuildConfiguration;
			buildSettings = {
				ASSETCATALOG_COMPILER_APPICON_NAME = AppIcon;
				INFOPLIST_FILE = F16RetrievingData/Info.plist;
				IPHONEOS_DEPLOYMENT_TARGET = 8.2;
				LD_RUNPATH_SEARCH_PATHS = "$(inherited) @executable_path/Frameworks";
				LIBRARY_SEARCH_PATHS = (
					"$(inherited)",
					"$(SRCROOT)/../lib/backendless",
					"$(SRCROOT)/../lib/CommLibiOS",
				);
				PRODUCT_NAME = "$(TARGET_NAME)";
			};
			name = Release;
		};
		D35CA5741A77A9FA00F500B0 /* Debug */ = {
			isa = XCBuildConfiguration;
			buildSettings = {
				BUNDLE_LOADER = "$(TEST_HOST)";
				FRAMEWORK_SEARCH_PATHS = (
					"$(SDKROOT)/Developer/Library/Frameworks",
					"$(inherited)",
				);
				GCC_PREPROCESSOR_DEFINITIONS = (
					"DEBUG=1",
					"$(inherited)",
				);
				INFOPLIST_FILE = F16RetrievingDataTests/Info.plist;
				LD_RUNPATH_SEARCH_PATHS = "$(inherited) @executable_path/Frameworks @loader_path/Frameworks";
				PRODUCT_NAME = "$(TARGET_NAME)";
				TEST_HOST = "$(BUILT_PRODUCTS_DIR)/F16RetrievingData.app/F16RetrievingData";
			};
			name = Debug;
		};
		D35CA5751A77A9FA00F500B0 /* Release */ = {
			isa = XCBuildConfiguration;
			buildSettings = {
				BUNDLE_LOADER = "$(TEST_HOST)";
				FRAMEWORK_SEARCH_PATHS = (
					"$(SDKROOT)/Developer/Library/Frameworks",
					"$(inherited)",
				);
				INFOPLIST_FILE = F16RetrievingDataTests/Info.plist;
				LD_RUNPATH_SEARCH_PATHS = "$(inherited) @executable_path/Frameworks @loader_path/Frameworks";
				PRODUCT_NAME = "$(TARGET_NAME)";
				TEST_HOST = "$(BUILT_PRODUCTS_DIR)/F16RetrievingData.app/F16RetrievingData";
			};
			name = Release;
		};
		D35CA5971A77AA5700F500B0 /* Debug */ = {
			isa = XCBuildConfiguration;
			buildSettings = {
				ASSETCATALOG_COMPILER_APPICON_NAME = AppIcon;
				GCC_PREPROCESSOR_DEFINITIONS = (
					"DEBUG=1",
					"$(inherited)",
				);
				INFOPLIST_FILE = F16RetrievingDataSwift/Info.plist;
				IPHONEOS_DEPLOYMENT_TARGET = 8.2;
				LD_RUNPATH_SEARCH_PATHS = "$(inherited) @executable_path/Frameworks";
				LIBRARY_SEARCH_PATHS = (
					"$(inherited)",
					"$(SRCROOT)/../lib/backendless",
					"$(SRCROOT)/../lib/CommLibiOS",
				);
				PRODUCT_NAME = "$(TARGET_NAME)";
				SWIFT_OBJC_BRIDGING_HEADER = "$(PROJECT_DIR)/../lib/backendless/include/Backendless-Bridging-Header.h";
				SWIFT_OPTIMIZATION_LEVEL = "-Onone";
			};
			name = Debug;
		};
		D35CA5981A77AA5700F500B0 /* Release */ = {
			isa = XCBuildConfiguration;
			buildSettings = {
				ASSETCATALOG_COMPILER_APPICON_NAME = AppIcon;
				INFOPLIST_FILE = F16RetrievingDataSwift/Info.plist;
				IPHONEOS_DEPLOYMENT_TARGET = 8.2;
				LD_RUNPATH_SEARCH_PATHS = "$(inherited) @executable_path/Frameworks";
				LIBRARY_SEARCH_PATHS = (
					"$(inherited)",
					"$(SRCROOT)/../lib/backendless",
					"$(SRCROOT)/../lib/CommLibiOS",
				);
				PRODUCT_NAME = "$(TARGET_NAME)";
				SWIFT_OBJC_BRIDGING_HEADER = "$(PROJECT_DIR)/../lib/backendless/include/Backendless-Bridging-Header.h";
			};
			name = Release;
		};
		D35CA59A1A77AA5700F500B0 /* Debug */ = {
			isa = XCBuildConfiguration;
			buildSettings = {
				BUNDLE_LOADER = "$(TEST_HOST)";
				FRAMEWORK_SEARCH_PATHS = (
					"$(SDKROOT)/Developer/Library/Frameworks",
					"$(inherited)",
				);
				GCC_PREPROCESSOR_DEFINITIONS = (
					"DEBUG=1",
					"$(inherited)",
				);
				INFOPLIST_FILE = F16RetrievingDataSwiftTests/Info.plist;
				LD_RUNPATH_SEARCH_PATHS = "$(inherited) @executable_path/Frameworks @loader_path/Frameworks";
				PRODUCT_NAME = "$(TARGET_NAME)";
				TEST_HOST = "$(BUILT_PRODUCTS_DIR)/F16RetrievingDataSwift.app/F16RetrievingDataSwift";
			};
			name = Debug;
		};
		D35CA59B1A77AA5700F500B0 /* Release */ = {
			isa = XCBuildConfiguration;
			buildSettings = {
				BUNDLE_LOADER = "$(TEST_HOST)";
				FRAMEWORK_SEARCH_PATHS = (
					"$(SDKROOT)/Developer/Library/Frameworks",
					"$(inherited)",
				);
				INFOPLIST_FILE = F16RetrievingDataSwiftTests/Info.plist;
				LD_RUNPATH_SEARCH_PATHS = "$(inherited) @executable_path/Frameworks @loader_path/Frameworks";
				PRODUCT_NAME = "$(TARGET_NAME)";
				TEST_HOST = "$(BUILT_PRODUCTS_DIR)/F16RetrievingDataSwift.app/F16RetrievingDataSwift";
			};
			name = Release;
		};
/* End XCBuildConfiguration section */

/* Begin XCConfigurationList section */
		D35CA5481A77A9F900F500B0 /* Build configuration list for PBXProject "F16RetrievingData" */ = {
			isa = XCConfigurationList;
			buildConfigurations = (
				D35CA56E1A77A9FA00F500B0 /* Debug */,
				D35CA56F1A77A9FA00F500B0 /* Release */,
			);
			defaultConfigurationIsVisible = 0;
			defaultConfigurationName = Release;
		};
		D35CA5701A77A9FA00F500B0 /* Build configuration list for PBXNativeTarget "F16RetrievingData" */ = {
			isa = XCConfigurationList;
			buildConfigurations = (
				D35CA5711A77A9FA00F500B0 /* Debug */,
				D35CA5721A77A9FA00F500B0 /* Release */,
			);
			defaultConfigurationIsVisible = 0;
			defaultConfigurationName = Release;
		};
		D35CA5731A77A9FA00F500B0 /* Build configuration list for PBXNativeTarget "F16RetrievingDataTests" */ = {
			isa = XCConfigurationList;
			buildConfigurations = (
				D35CA5741A77A9FA00F500B0 /* Debug */,
				D35CA5751A77A9FA00F500B0 /* Release */,
			);
			defaultConfigurationIsVisible = 0;
			defaultConfigurationName = Release;
		};
		D35CA5961A77AA5700F500B0 /* Build configuration list for PBXNativeTarget "F16RetrievingDataSwift" */ = {
			isa = XCConfigurationList;
			buildConfigurations = (
				D35CA5971A77AA5700F500B0 /* Debug */,
				D35CA5981A77AA5700F500B0 /* Release */,
			);
			defaultConfigurationIsVisible = 0;
			defaultConfigurationName = Release;
		};
		D35CA5991A77AA5700F500B0 /* Build configuration list for PBXNativeTarget "F16RetrievingDataSwiftTests" */ = {
			isa = XCConfigurationList;
			buildConfigurations = (
				D35CA59A1A77AA5700F500B0 /* Debug */,
				D35CA59B1A77AA5700F500B0 /* Release */,
			);
			defaultConfigurationIsVisible = 0;
			defaultConfigurationName = Release;
		};
/* End XCConfigurationList section */
	};
	rootObject = D35CA5451A77A9F900F500B0 /* Project object */;
}
